
Microsoft Visual Studio Solution File, Format Version 12.00
# Visual Studio Version 16
VisualStudioVersion = 16.0.31112.23
MinimumVisualStudioVersion = 10.0.40219.1
Project("{FAE04EC0-301F-11D3-BF4B-00C04F79EFBC}") = "SoundProcessor", "SoundProcessor\SoundProcessor.csproj", "{2AAEDBDD-07AE-4BBE-AD6E-A9160E45CE30}"
EndProject
Global
	GlobalSection(SolutionConfigurationPlatforms) = preSolution
		Debug|Any CPU = Debug|Any CPU
		Release|Any CPU = Release|Any CPU
	EndGlobalSection
	GlobalSection(ProjectConfigurationPlatforms) = postSolution
		{2AAEDBDD-07AE-4BBE-AD6E-A9160E45CE30}.Debug|Any CPU.ActiveCfg = Debug|Any CPU
		{2AAEDBDD-07AE-4BBE-AD6E-A9160E45CE30}.Debug|Any CPU.Build.0 = Debug|Any CPU
		{2AAEDBDD-07AE-4BBE-AD6E-A9160E45CE30}.Release|Any CPU.ActiveCfg = Release|Any CPU
		{2AAEDBDD-07AE-4BBE-AD6E-A9160E45CE30}.Release|Any CPU.Build.0 = Release|Any CPU
	EndGlobalSection
	GlobalSection(SolutionProperties) = preSolution
		HideSolutionNode = FALSE
	EndGlobalSection
	GlobalSection(ExtensibilityGlobals) = postSolution
		SolutionGuid = {9C9514BA-0C83-4049-B8AC-16D37CF15592}
	EndGlobalSection
EndGlobal
